<?xml version="1.0" encoding="UTF-8" standalone="yes" ?>
<CodeBlocks_project_file>
	<FileVersion major="1" minor="6" />
	<Project>
		<Option title="Testing" />
		<Option pch_mode="2" />
		<Option compiler="gcc" />
		<Build>
			<Target title="Debug">
				<Option output="bin/Debug/Testing" prefix_auto="1" extension_auto="1" />
				<Option object_output="obj/Debug/" />
				<Option type="1" />
				<Option compiler="gcc" />
				<Compiler>
					<Add option="-g" />
				</Compiler>
			</Target>
			<Target title="Release">
				<Option output="bin/Release/Testing" prefix_auto="1" extension_auto="1" />
				<Option object_output="obj/Release/" />
				<Option type="1" />
				<Option compiler="gcc" />
				<Compiler>
					<Add option="-O2" />
				</Compiler>
				<Linker>
					<Add option="-s" />
				</Linker>
			</Target>
		</Build>
		<Compiler>
			<Add option="-Wall" />
		</Compiler>
		<Linker>
			<Add library="sfml-system" />
			<Add library="sfml-window" />
			<Add library="sfml-graphics" />
			<Add library="sfml-network" />
			<Add library="opengl32" />
		</Linker>
		<Unit filename="CardInfoManager.cpp" />
		<Unit filename="CardInfoManager.h" />
		<Unit filename="Field.cpp" />
		<Unit filename="Field.h" />
		<Unit filename="TextField.cpp" />
		<Unit filename="TextField.h" />
		<Unit filename="button.cpp" />
		<Unit filename="button.h" />
		<Unit filename="card.cpp" />
		<Unit filename="card.h" />
		<Unit filename="common.cpp" />
		<Unit filename="common.h" />
		<Unit filename="deck.cpp" />
		<Unit filename="deck.h" />
		<Unit filename="game.cpp" />
		<Unit filename="game.h" />
		<Unit filename="infomanager.cpp" />
		<Unit filename="infomanager.h" />
		<Unit filename="lan_mode.cpp" />
		<Unit filename="lan_mode.h" />
		<Unit filename="main.cpp" />
		<Unit filename="menu.cpp" />
		<Unit filename="menu.h" />
		<Unit filename="network.cpp" />
		<Unit filename="network.h" />
		<Extensions>
			<code_completion />
			<envvars />
			<debugger />
			<lib_finder disable_auto="1" />
		</Extensions>
	</Project>
</CodeBlocks_project_file>
